
Microsoft Visual Studio Solution File, Format Version 12.00
# Visual Studio Version 17
VisualStudioVersion = 17.6.33829.357
MinimumVisualStudioVersion = 10.0.40219.1
Project("{2150E333-8FDC-42A3-9474-1A3956D46DE8}") = "src", "src", "{C217FAA9-9CCE-4B06-AD81-9BDFB5AEE9E3}"
EndProject
Project("{2150E333-8FDC-42A3-9474-1A3956D46DE8}") = "Core", "Core", "{D30F0616-74CF-4B1B-A54B-D20A8CFB55CB}"
EndProject
Project("{2150E333-8FDC-42A3-9474-1A3956D46DE8}") = "Infrastructure", "Infrastructure", "{5F4B8BDE-8E19-4884-8FE8-209643496DB3}"
EndProject
Project("{9A19103F-16F7-4668-BE54-9A1E7A4F7556}") = "Domain", "Domain\Domain.csproj", "{3BD82F03-7D6A-46C6-82C9-F0DE3072A814}"
EndProject
Project("{9A19103F-16F7-4668-BE54-9A1E7A4F7556}") = "Application", "Application\Application.csproj", "{2C80587A-9F49-47D2-BDB2-37A7E90D1442}"
EndProject
Project("{2150E333-8FDC-42A3-9474-1A3956D46DE8}") = "API", "API", "{66E70034-9721-40E6-BF2E-4076678F7653}"
EndProject
Project("{2150E333-8FDC-42A3-9474-1A3956D46DE8}") = "UI", "UI", "{96EE1EB2-A88A-4CB1-8E8A-E9EEE2D9F921}"
EndProject
Project("{9A19103F-16F7-4668-BE54-9A1E7A4F7556}") = "Persistence", "Persistence\Persistence.csproj", "{78F38DA4-AD21-46A4-BD4A-D00199878E13}"
EndProject
Global
	GlobalSection(SolutionConfigurationPlatforms) = preSolution
		Debug|Any CPU = Debug|Any CPU
		Release|Any CPU = Release|Any CPU
	EndGlobalSection
	GlobalSection(ProjectConfigurationPlatforms) = postSolution
		{3BD82F03-7D6A-46C6-82C9-F0DE3072A814}.Debug|Any CPU.ActiveCfg = Debug|Any CPU
		{3BD82F03-7D6A-46C6-82C9-F0DE3072A814}.Debug|Any CPU.Build.0 = Debug|Any CPU
		{3BD82F03-7D6A-46C6-82C9-F0DE3072A814}.Release|Any CPU.ActiveCfg = Release|Any CPU
		{3BD82F03-7D6A-46C6-82C9-F0DE3072A814}.Release|Any CPU.Build.0 = Release|Any CPU
		{2C80587A-9F49-47D2-BDB2-37A7E90D1442}.Debug|Any CPU.ActiveCfg = Debug|Any CPU
		{2C80587A-9F49-47D2-BDB2-37A7E90D1442}.Debug|Any CPU.Build.0 = Debug|Any CPU
		{2C80587A-9F49-47D2-BDB2-37A7E90D1442}.Release|Any CPU.ActiveCfg = Release|Any CPU
		{2C80587A-9F49-47D2-BDB2-37A7E90D1442}.Release|Any CPU.Build.0 = Release|Any CPU
		{78F38DA4-AD21-46A4-BD4A-D00199878E13}.Debug|Any CPU.ActiveCfg = Debug|Any CPU
		{78F38DA4-AD21-46A4-BD4A-D00199878E13}.Debug|Any CPU.Build.0 = Debug|Any CPU
		{78F38DA4-AD21-46A4-BD4A-D00199878E13}.Release|Any CPU.ActiveCfg = Release|Any CPU
		{78F38DA4-AD21-46A4-BD4A-D00199878E13}.Release|Any CPU.Build.0 = Release|Any CPU
	EndGlobalSection
	GlobalSection(SolutionProperties) = preSolution
		HideSolutionNode = FALSE
	EndGlobalSection
	GlobalSection(NestedProjects) = preSolution
		{D30F0616-74CF-4B1B-A54B-D20A8CFB55CB} = {C217FAA9-9CCE-4B06-AD81-9BDFB5AEE9E3}
		{5F4B8BDE-8E19-4884-8FE8-209643496DB3} = {C217FAA9-9CCE-4B06-AD81-9BDFB5AEE9E3}
		{3BD82F03-7D6A-46C6-82C9-F0DE3072A814} = {D30F0616-74CF-4B1B-A54B-D20A8CFB55CB}
		{2C80587A-9F49-47D2-BDB2-37A7E90D1442} = {D30F0616-74CF-4B1B-A54B-D20A8CFB55CB}
		{66E70034-9721-40E6-BF2E-4076678F7653} = {C217FAA9-9CCE-4B06-AD81-9BDFB5AEE9E3}
		{96EE1EB2-A88A-4CB1-8E8A-E9EEE2D9F921} = {C217FAA9-9CCE-4B06-AD81-9BDFB5AEE9E3}
		{78F38DA4-AD21-46A4-BD4A-D00199878E13} = {5F4B8BDE-8E19-4884-8FE8-209643496DB3}
	EndGlobalSection
	GlobalSection(ExtensibilityGlobals) = postSolution
		SolutionGuid = {3EBEC7B9-B20C-40C6-B31D-26333522A00E}
	EndGlobalSection
EndGlobal
