
Microsoft Visual Studio Solution File, Format Version 12.00
# Visual Studio Version 17
VisualStudioVersion = 17.6.33829.357
MinimumVisualStudioVersion = 10.0.40219.1
Project("{2150E333-8FDC-42A3-9474-1A3956D46DE8}") = "src", "src", "{C217FAA9-9CCE-4B06-AD81-9BDFB5AEE9E3}"
EndProject
Project("{2150E333-8FDC-42A3-9474-1A3956D46DE8}") = "Core", "Core", "{D30F0616-74CF-4B1B-A54B-D20A8CFB55CB}"
EndProject
Project("{9A19103F-16F7-4668-BE54-9A1E7A4F7556}") = "Domain", "Domain\Domain.csproj", "{3BD82F03-7D6A-46C6-82C9-F0DE3072A814}"
EndProject
Project("{9A19103F-16F7-4668-BE54-9A1E7A4F7556}") = "Application", "Application\Application.csproj", "{2C80587A-9F49-47D2-BDB2-37A7E90D1442}"
EndProject
Project("{2150E333-8FDC-42A3-9474-1A3956D46DE8}") = "API", "API", "{4284CF0E-2119-46AA-91E6-CFB9B7BFFA99}"
EndProject
Project("{2150E333-8FDC-42A3-9474-1A3956D46DE8}") = "Infrastructure", "Infrastructure", "{1D4D45F0-675D-4119-938B-849D52A8354E}"
EndProject
Project("{9A19103F-16F7-4668-BE54-9A1E7A4F7556}") = "API", "API\API.csproj", "{22F1BEBE-1DB4-493A-B2C4-80AE6EA6043B}"
EndProject
Project("{2150E333-8FDC-42A3-9474-1A3956D46DE8}") = "UI", "UI", "{5E38A9B2-71E6-4274-90B5-B008D3BD6323}"
EndProject
Project("{FAE04EC0-301F-11D3-BF4B-00C04F79EFBC}") = "Infrastructure.Identity", "Infrastructure.Identity\Infrastructure.Identity.csproj", "{8D1E8F41-F724-471A-8D2B-15CD50B9E4FA}"
EndProject
Project("{FAE04EC0-301F-11D3-BF4B-00C04F79EFBC}") = "Infrastructure.Persistence", "Infrastructure.Persistence\Infrastructure.Persistence.csproj", "{5EE777FF-4276-4A68-9517-4924673B1490}"
EndProject
Project("{54A90642-561A-4BB1-A94E-469ADEE60C69}") = "clientreactapp", "UI\ClientReactApp\clientreactapp.esproj", "{1CD95FD5-E568-4273-801A-93FB4A845281}"
EndProject
Project("{FAE04EC0-301F-11D3-BF4B-00C04F79EFBC}") = "Infrastructure.Email", "Infrastructure.Email\Infrastructure.Email.csproj", "{DF26E04F-2DF6-4BFA-863A-C40322D38394}"
EndProject
Project("{FAE04EC0-301F-11D3-BF4B-00C04F79EFBC}") = "Infrastructure.FileImport", "Infrastructure.FileImport\Infrastructure.FileImport.csproj", "{E113A13D-E54E-41B8-97B7-C6C564C6D1C9}"
EndProject
Global
	GlobalSection(SolutionConfigurationPlatforms) = preSolution
		Debug|Any CPU = Debug|Any CPU
		Release|Any CPU = Release|Any CPU
	EndGlobalSection
	GlobalSection(ProjectConfigurationPlatforms) = postSolution
		{3BD82F03-7D6A-46C6-82C9-F0DE3072A814}.Debug|Any CPU.ActiveCfg = Debug|Any CPU
		{3BD82F03-7D6A-46C6-82C9-F0DE3072A814}.Debug|Any CPU.Build.0 = Debug|Any CPU
		{3BD82F03-7D6A-46C6-82C9-F0DE3072A814}.Release|Any CPU.ActiveCfg = Release|Any CPU
		{3BD82F03-7D6A-46C6-82C9-F0DE3072A814}.Release|Any CPU.Build.0 = Release|Any CPU
		{2C80587A-9F49-47D2-BDB2-37A7E90D1442}.Debug|Any CPU.ActiveCfg = Debug|Any CPU
		{2C80587A-9F49-47D2-BDB2-37A7E90D1442}.Debug|Any CPU.Build.0 = Debug|Any CPU
		{2C80587A-9F49-47D2-BDB2-37A7E90D1442}.Release|Any CPU.ActiveCfg = Release|Any CPU
		{2C80587A-9F49-47D2-BDB2-37A7E90D1442}.Release|Any CPU.Build.0 = Release|Any CPU
		{22F1BEBE-1DB4-493A-B2C4-80AE6EA6043B}.Debug|Any CPU.ActiveCfg = Debug|Any CPU
		{22F1BEBE-1DB4-493A-B2C4-80AE6EA6043B}.Debug|Any CPU.Build.0 = Debug|Any CPU
		{22F1BEBE-1DB4-493A-B2C4-80AE6EA6043B}.Release|Any CPU.ActiveCfg = Release|Any CPU
		{22F1BEBE-1DB4-493A-B2C4-80AE6EA6043B}.Release|Any CPU.Build.0 = Release|Any CPU
		{8D1E8F41-F724-471A-8D2B-15CD50B9E4FA}.Debug|Any CPU.ActiveCfg = Debug|Any CPU
		{8D1E8F41-F724-471A-8D2B-15CD50B9E4FA}.Debug|Any CPU.Build.0 = Debug|Any CPU
		{8D1E8F41-F724-471A-8D2B-15CD50B9E4FA}.Release|Any CPU.ActiveCfg = Release|Any CPU
		{8D1E8F41-F724-471A-8D2B-15CD50B9E4FA}.Release|Any CPU.Build.0 = Release|Any CPU
		{5EE777FF-4276-4A68-9517-4924673B1490}.Debug|Any CPU.ActiveCfg = Debug|Any CPU
		{5EE777FF-4276-4A68-9517-4924673B1490}.Debug|Any CPU.Build.0 = Debug|Any CPU
		{5EE777FF-4276-4A68-9517-4924673B1490}.Release|Any CPU.ActiveCfg = Release|Any CPU
		{5EE777FF-4276-4A68-9517-4924673B1490}.Release|Any CPU.Build.0 = Release|Any CPU
		{1CD95FD5-E568-4273-801A-93FB4A845281}.Debug|Any CPU.ActiveCfg = Debug|Any CPU
		{1CD95FD5-E568-4273-801A-93FB4A845281}.Debug|Any CPU.Build.0 = Debug|Any CPU
		{1CD95FD5-E568-4273-801A-93FB4A845281}.Release|Any CPU.ActiveCfg = Release|Any CPU
		{1CD95FD5-E568-4273-801A-93FB4A845281}.Release|Any CPU.Build.0 = Release|Any CPU
		{1CD95FD5-E568-4273-801A-93FB4A845281}.Release|Any CPU.Deploy.0 = Release|Any CPU
		{DF26E04F-2DF6-4BFA-863A-C40322D38394}.Debug|Any CPU.ActiveCfg = Debug|Any CPU
		{DF26E04F-2DF6-4BFA-863A-C40322D38394}.Debug|Any CPU.Build.0 = Debug|Any CPU
		{DF26E04F-2DF6-4BFA-863A-C40322D38394}.Release|Any CPU.ActiveCfg = Release|Any CPU
		{DF26E04F-2DF6-4BFA-863A-C40322D38394}.Release|Any CPU.Build.0 = Release|Any CPU
		{E113A13D-E54E-41B8-97B7-C6C564C6D1C9}.Debug|Any CPU.ActiveCfg = Debug|Any CPU
		{E113A13D-E54E-41B8-97B7-C6C564C6D1C9}.Debug|Any CPU.Build.0 = Debug|Any CPU
		{E113A13D-E54E-41B8-97B7-C6C564C6D1C9}.Release|Any CPU.ActiveCfg = Release|Any CPU
		{E113A13D-E54E-41B8-97B7-C6C564C6D1C9}.Release|Any CPU.Build.0 = Release|Any CPU
	EndGlobalSection
	GlobalSection(SolutionProperties) = preSolution
		HideSolutionNode = FALSE
	EndGlobalSection
	GlobalSection(NestedProjects) = preSolution
		{D30F0616-74CF-4B1B-A54B-D20A8CFB55CB} = {C217FAA9-9CCE-4B06-AD81-9BDFB5AEE9E3}
		{3BD82F03-7D6A-46C6-82C9-F0DE3072A814} = {D30F0616-74CF-4B1B-A54B-D20A8CFB55CB}
		{2C80587A-9F49-47D2-BDB2-37A7E90D1442} = {D30F0616-74CF-4B1B-A54B-D20A8CFB55CB}
		{4284CF0E-2119-46AA-91E6-CFB9B7BFFA99} = {C217FAA9-9CCE-4B06-AD81-9BDFB5AEE9E3}
		{1D4D45F0-675D-4119-938B-849D52A8354E} = {C217FAA9-9CCE-4B06-AD81-9BDFB5AEE9E3}
		{22F1BEBE-1DB4-493A-B2C4-80AE6EA6043B} = {4284CF0E-2119-46AA-91E6-CFB9B7BFFA99}
		{5E38A9B2-71E6-4274-90B5-B008D3BD6323} = {C217FAA9-9CCE-4B06-AD81-9BDFB5AEE9E3}
		{8D1E8F41-F724-471A-8D2B-15CD50B9E4FA} = {1D4D45F0-675D-4119-938B-849D52A8354E}
		{5EE777FF-4276-4A68-9517-4924673B1490} = {1D4D45F0-675D-4119-938B-849D52A8354E}
		{1CD95FD5-E568-4273-801A-93FB4A845281} = {5E38A9B2-71E6-4274-90B5-B008D3BD6323}
		{DF26E04F-2DF6-4BFA-863A-C40322D38394} = {1D4D45F0-675D-4119-938B-849D52A8354E}
		{E113A13D-E54E-41B8-97B7-C6C564C6D1C9} = {1D4D45F0-675D-4119-938B-849D52A8354E}
	EndGlobalSection
	GlobalSection(ExtensibilityGlobals) = postSolution
		SolutionGuid = {3EBEC7B9-B20C-40C6-B31D-26333522A00E}
	EndGlobalSection
EndGlobal
